
Microsoft Visual Studio Solution File, Format Version 12.00
# Visual Studio Version 17
VisualStudioVersion = 17.6.33815.320
MinimumVisualStudioVersion = 10.0.40219.1
Project("{FAE04EC0-301F-11D3-BF4B-00C04F79EFBC}") = "Schach", "Schach\Schach.csproj", "{6BDA9A13-B0A0-4AEB-A5C0-3EC0F9432E20}"
EndProject
Global
	GlobalSection(SolutionConfigurationPlatforms) = preSolution
		Debug|Any CPU = Debug|Any CPU
		Release|Any CPU = Release|Any CPU
	EndGlobalSection
	GlobalSection(ProjectConfigurationPlatforms) = postSolution
		{6BDA9A13-B0A0-4AEB-A5C0-3EC0F9432E20}.Debug|Any CPU.ActiveCfg = Debug|Any CPU
		{6BDA9A13-B0A0-4AEB-A5C0-3EC0F9432E20}.Debug|Any CPU.Build.0 = Debug|Any CPU
		{6BDA9A13-B0A0-4AEB-A5C0-3EC0F9432E20}.Release|Any CPU.ActiveCfg = Release|Any CPU
		{6BDA9A13-B0A0-4AEB-A5C0-3EC0F9432E20}.Release|Any CPU.Build.0 = Release|Any CPU
	EndGlobalSection
	GlobalSection(SolutionProperties) = preSolution
		HideSolutionNode = FALSE
	EndGlobalSection
	GlobalSection(ExtensibilityGlobals) = postSolution
		SolutionGuid = {9B208971-8B8A-4464-A720-6DA1DF745E1F}
	EndGlobalSection
EndGlobal
